
Microsoft Visual Studio Solution File, Format Version 12.00
# Visual Studio Version 17
VisualStudioVersion = 17.7.34031.279
MinimumVisualStudioVersion = 10.0.40219.1
Project("{8BC9CEB8-8B4A-11D0-8D11-00A0C91BC942}") = "ConsoleApplication7", "ConsoleApplication7\ConsoleApplication7.vcxproj", "{D5AF2FEE-CA00-43A7-8EF9-B5B6C34A5600}"
EndProject
Global
	GlobalSection(SolutionConfigurationPlatforms) = preSolution
		Debug|x64 = Debug|x64
		Debug|x86 = Debug|x86
		Release|x64 = Release|x64
		Release|x86 = Release|x86
	EndGlobalSection
	GlobalSection(ProjectConfigurationPlatforms) = postSolution
		{D5AF2FEE-CA00-43A7-8EF9-B5B6C34A5600}.Debug|x64.ActiveCfg = Debug|x64
		{D5AF2FEE-CA00-43A7-8EF9-B5B6C34A5600}.Debug|x64.Build.0 = Debug|x64
		{D5AF2FEE-CA00-43A7-8EF9-B5B6C34A5600}.Debug|x86.ActiveCfg = Debug|Win32
		{D5AF2FEE-CA00-43A7-8EF9-B5B6C34A5600}.Debug|x86.Build.0 = Debug|Win32
		{D5AF2FEE-CA00-43A7-8EF9-B5B6C34A5600}.Release|x64.ActiveCfg = Release|x64
		{D5AF2FEE-CA00-43A7-8EF9-B5B6C34A5600}.Release|x64.Build.0 = Release|x64
		{D5AF2FEE-CA00-43A7-8EF9-B5B6C34A5600}.Release|x86.ActiveCfg = Release|Win32
		{D5AF2FEE-CA00-43A7-8EF9-B5B6C34A5600}.Release|x86.Build.0 = Release|Win32
	EndGlobalSection
	GlobalSection(SolutionProperties) = preSolution
		HideSolutionNode = FALSE
	EndGlobalSection
	GlobalSection(ExtensibilityGlobals) = postSolution
		SolutionGuid = {5B9746BB-B8C1-4CB0-81D1-3B0B0DA2C04A}
	EndGlobalSection
EndGlobal
