
Microsoft Visual Studio Solution File, Format Version 12.00
# Visual Studio Version 17
VisualStudioVersion = 17.7.34031.279
MinimumVisualStudioVersion = 10.0.40219.1
Project("{8BC9CEB8-8B4A-11D0-8D11-00A0C91BC942}") = "ConsoleApplication20", "ConsoleApplication20\ConsoleApplication20.vcxproj", "{FD8985FA-F902-4259-9B03-5FF985DA7A7E}"
EndProject
Global
	GlobalSection(SolutionConfigurationPlatforms) = preSolution
		Debug|x64 = Debug|x64
		Debug|x86 = Debug|x86
		Release|x64 = Release|x64
		Release|x86 = Release|x86
	EndGlobalSection
	GlobalSection(ProjectConfigurationPlatforms) = postSolution
		{FD8985FA-F902-4259-9B03-5FF985DA7A7E}.Debug|x64.ActiveCfg = Debug|x64
		{FD8985FA-F902-4259-9B03-5FF985DA7A7E}.Debug|x64.Build.0 = Debug|x64
		{FD8985FA-F902-4259-9B03-5FF985DA7A7E}.Debug|x86.ActiveCfg = Debug|Win32
		{FD8985FA-F902-4259-9B03-5FF985DA7A7E}.Debug|x86.Build.0 = Debug|Win32
		{FD8985FA-F902-4259-9B03-5FF985DA7A7E}.Release|x64.ActiveCfg = Release|x64
		{FD8985FA-F902-4259-9B03-5FF985DA7A7E}.Release|x64.Build.0 = Release|x64
		{FD8985FA-F902-4259-9B03-5FF985DA7A7E}.Release|x86.ActiveCfg = Release|Win32
		{FD8985FA-F902-4259-9B03-5FF985DA7A7E}.Release|x86.Build.0 = Release|Win32
	EndGlobalSection
	GlobalSection(SolutionProperties) = preSolution
		HideSolutionNode = FALSE
	EndGlobalSection
	GlobalSection(ExtensibilityGlobals) = postSolution
		SolutionGuid = {A59149D9-AE96-43E1-9880-99CED32E6463}
	EndGlobalSection
EndGlobal
